github.com/gen2brain/jpegli v0.1.0 h1:cxdy84FsW89oepLXcyvBRiYsJJIx4pTqkuxO1n1JH2o=
github.com/gen2brain/jpegli v0.1.0/go.mod h1:ArNook7A3NfU+ibQ5gko0DgQKilME4Q0sEt9rcSPaN8=
github.com/tetratelabs/wazero v1.7.0 h1:jg5qPydno59wqjpGrHph81lbtHzTrWzwwtD4cD88+hQ=
github.com/tetratelabs/wazero v1.7.0/go.mod h1:ytl6Zuh20R/eROuyDaGPkp82O9C/DJfXAwJfQ3X6/7Y=
